// !$*UTF8*$!
{
	archiveVersion = 1;
	classes = {
	};
	objectVersion = 46;
	objects = {

/* Begin PBXBuildFile section */
		242F77671C730DCF005EFFA4 /* AppKit.framework in Frameworks */ = {isa = PBXBuildFile; fileRef = 242F77661C730DCF005EFFA4 /* AppKit.framework */; };
		242F77691C730DCF005EFFA4 /* Foundation.framework in Frameworks */ = {isa = PBXBuildFile; fileRef = 242F77681C730DCF005EFFA4 /* Foundation.framework */; };
		242F776D1C730DCF005EFFA4 /* AMAppExportToIPA.xcscheme in Resources */ = {isa = PBXBuildFile; fileRef = 242F776C1C730DCF005EFFA4 /* AMAppExportToIPA.xcscheme */; };
		242F77701C730DCF005EFFA4 /* AMAppExportToIPAXcodePlugin.m in Sources */ = {isa = PBXBuildFile; fileRef = 242F776F1C730DCF005EFFA4 /* AMAppExportToIPAXcodePlugin.m */; };
		242F77731C730DCF005EFFA4 /* NSObject_Extension.m in Sources */ = {isa = PBXBuildFile; fileRef = 242F77721C730DCF005EFFA4 /* NSObject_Extension.m */; };
		242F777C1C730E90005EFFA4 /* NSObject+MethodSwizzler.m in Sources */ = {isa = PBXBuildFile; fileRef = 242F777B1C730E90005EFFA4 /* NSObject+MethodSwizzler.m */; };
		242F77801C730F37005EFFA4 /* NSObject+PopupMenu.m in Sources */ = {isa = PBXBuildFile; fileRef = 242F777F1C730F37005EFFA4 /* NSObject+PopupMenu.m */; };
		244D1FC31C731BDA00AE7959 /* LICENSE in Resources */ = {isa = PBXBuildFile; fileRef = 244D1FC11C731BDA00AE7959 /* LICENSE */; };
		244D1FC41C731BDA00AE7959 /* README.md in Sources */ = {isa = PBXBuildFile; fileRef = 244D1FC21C731BDA00AE7959 /* README.md */; };
		24C4F27D1CD881E1000EEA5A /* Script.sh in Resources */ = {isa = PBXBuildFile; fileRef = 24C4F27C1CD87EB0000EEA5A /* Script.sh */; };
		24C4F2811CD88DF1000EEA5A /* template.plist in Resources */ = {isa = PBXBuildFile; fileRef = 24C4F2801CD88DF1000EEA5A /* template.plist */; };
/* End PBXBuildFile section */

/* Begin PBXFileReference section */
		242F77631C730DCF005EFFA4 /* AMAppExportToIPA.xcplugin */ = {isa = PBXFileReference; explicitFileType = wrapper.cfbundle; includeInIndex = 0; path = AMAppExportToIPA.xcplugin; sourceTree = BUILT_PRODUCTS_DIR; };
		242F77661C730DCF005EFFA4 /* AppKit.framework */ = {isa = PBXFileReference; lastKnownFileType = wrapper.framework; name = AppKit.framework; path = /System/Library/Frameworks/AppKit.framework; sourceTree = "<absolute>"; };
		242F77681C730DCF005EFFA4 /* Foundation.framework */ = {isa = PBXFileReference; lastKnownFileType = wrapper.framework; name = Foundation.framework; path = /System/Library/Frameworks/Foundation.framework; sourceTree = "<absolute>"; };
		242F776C1C730DCF005EFFA4 /* AMAppExportToIPA.xcscheme */ = {isa = PBXFileReference; lastKnownFileType = text.xml; name = AMAppExportToIPA.xcscheme; path = AMAppExportToIPA.xcodeproj/xcshareddata/xcschemes/AMAppExportToIPA.xcscheme; sourceTree = SOURCE_ROOT; };
		242F776E1C730DCF005EFFA4 /* AMAppExportToIPAXcodePlugin.h */ = {isa = PBXFileReference; lastKnownFileType = sourcecode.c.h; path = AMAppExportToIPAXcodePlugin.h; sourceTree = "<group>"; };
		242F776F1C730DCF005EFFA4 /* AMAppExportToIPAXcodePlugin.m */ = {isa = PBXFileReference; lastKnownFileType = sourcecode.c.objc; path = AMAppExportToIPAXcodePlugin.m; sourceTree = "<group>"; };
		242F77711C730DCF005EFFA4 /* NSObject_Extension.h */ = {isa = PBXFileReference; lastKnownFileType = sourcecode.c.h; path = NSObject_Extension.h; sourceTree = "<group>"; };
		242F77721C730DCF005EFFA4 /* NSObject_Extension.m */ = {isa = PBXFileReference; lastKnownFileType = sourcecode.c.objc; path = NSObject_Extension.m; sourceTree = "<group>"; };
		242F77741C730DCF005EFFA4 /* Info.plist */ = {isa = PBXFileReference; lastKnownFileType = text.plist.xml; path = Info.plist; sourceTree = "<group>"; };
		242F777A1C730E90005EFFA4 /* NSObject+MethodSwizzler.h */ = {isa = PBXFileReference; fileEncoding = 4; lastKnownFileType = sourcecode.c.h; path = "NSObject+MethodSwizzler.h"; sourceTree = "<group>"; };
		242F777B1C730E90005EFFA4 /* NSObject+MethodSwizzler.m */ = {isa = PBXFileReference; fileEncoding = 4; lastKnownFileType = sourcecode.c.objc; path = "NSObject+MethodSwizzler.m"; sourceTree = "<group>"; };
		242F777D1C730EF4005EFFA4 /* RuntimeHeaders.h */ = {isa = PBXFileReference; lastKnownFileType = sourcecode.c.h; path = RuntimeHeaders.h; sourceTree = "<group>"; };
		242F777E1C730F37005EFFA4 /* NSObject+PopupMenu.h */ = {isa = PBXFileReference; fileEncoding = 4; lastKnownFileType = sourcecode.c.h; path = "NSObject+PopupMenu.h"; sourceTree = "<group>"; };
		242F777F1C730F37005EFFA4 /* NSObject+PopupMenu.m */ = {isa = PBXFileReference; fileEncoding = 4; lastKnownFileType = sourcecode.c.objc; path = "NSObject+PopupMenu.m"; sourceTree = "<group>"; };
		244D1FC11C731BDA00AE7959 /* LICENSE */ = {isa = PBXFileReference; fileEncoding = 4; lastKnownFileType = text; path = LICENSE; sourceTree = "<group>"; };
		244D1FC21C731BDA00AE7959 /* README.md */ = {isa = PBXFileReference; fileEncoding = 4; lastKnownFileType = net.daringfireball.markdown; path = README.md; sourceTree = "<group>"; };
		24C4F27C1CD87EB0000EEA5A /* Script.sh */ = {isa = PBXFileReference; lastKnownFileType = text.script.sh; path = Script.sh; sourceTree = "<group>"; };
		24C4F2801CD88DF1000EEA5A /* template.plist */ = {isa = PBXFileReference; fileEncoding = 4; lastKnownFileType = text.plist.xml; path = template.plist; sourceTree = "<group>"; };
/* End PBXFileReference section */

/* Begin PBXFrameworksBuildPhase section */
		242F77611C730DCF005EFFA4 /* Frameworks */ = {
			isa = PBXFrameworksBuildPhase;
			buildActionMask = 2147483647;
			files = (
				242F77671C730DCF005EFFA4 /* AppKit.framework in Frameworks */,
				242F77691C730DCF005EFFA4 /* Foundation.framework in Frameworks */,
			);
			runOnlyForDeploymentPostprocessing = 0;
		};
/* End PBXFrameworksBuildPhase section */

/* Begin PBXGroup section */
		242F775A1C730DCF005EFFA4 = {
			isa = PBXGroup;
			children = (
				244D1FC11C731BDA00AE7959 /* LICENSE */,
				244D1FC21C731BDA00AE7959 /* README.md */,
				242F776A1C730DCF005EFFA4 /* AMAppExportToIPA */,
				242F77651C730DCF005EFFA4 /* Frameworks */,
				242F77641C730DCF005EFFA4 /* Products */,
			);
			sourceTree = "<group>";
		};
		242F77641C730DCF005EFFA4 /* Products */ = {
			isa = PBXGroup;
			children = (
				242F77631C730DCF005EFFA4 /* AMAppExportToIPA.xcplugin */,
			);
			name = Products;
			sourceTree = "<group>";
		};
		242F77651C730DCF005EFFA4 /* Frameworks */ = {
			isa = PBXGroup;
			children = (
				242F77661C730DCF005EFFA4 /* AppKit.framework */,
				242F77681C730DCF005EFFA4 /* Foundation.framework */,
			);
			name = Frameworks;
			sourceTree = "<group>";
		};
		242F776A1C730DCF005EFFA4 /* AMAppExportToIPA */ = {
			isa = PBXGroup;
			children = (
				242F776E1C730DCF005EFFA4 /* AMAppExportToIPAXcodePlugin.h */,
				242F776F1C730DCF005EFFA4 /* AMAppExportToIPAXcodePlugin.m */,
				242F77711C730DCF005EFFA4 /* NSObject_Extension.h */,
				242F77721C730DCF005EFFA4 /* NSObject_Extension.m */,
				242F777A1C730E90005EFFA4 /* NSObject+MethodSwizzler.h */,
				242F777B1C730E90005EFFA4 /* NSObject+MethodSwizzler.m */,
				242F777E1C730F37005EFFA4 /* NSObject+PopupMenu.h */,
				242F777F1C730F37005EFFA4 /* NSObject+PopupMenu.m */,
				242F777D1C730EF4005EFFA4 /* RuntimeHeaders.h */,
				24C4F2801CD88DF1000EEA5A /* template.plist */,
				24C4F27C1CD87EB0000EEA5A /* Script.sh */,
				242F77741C730DCF005EFFA4 /* Info.plist */,
				242F776B1C730DCF005EFFA4 /* Supporting Files */,
			);
			path = AMAppExportToIPA;
			sourceTree = "<group>";
		};
		242F776B1C730DCF005EFFA4 /* Supporting Files */ = {
			isa = PBXGroup;
			children = (
				242F776C1C730DCF005EFFA4 /* AMAppExportToIPA.xcscheme */,
			);
			name = "Supporting Files";
			sourceTree = "<group>";
		};
/* End PBXGroup section */

/* Begin PBXNativeTarget section */
		242F77621C730DCF005EFFA4 /* AMAppExportToIPA */ = {
			isa = PBXNativeTarget;
			buildConfigurationList = 242F77771C730DCF005EFFA4 /* Build configuration list for PBXNativeTarget "AMAppExportToIPA" */;
			buildPhases = (
				242F775F1C730DCF005EFFA4 /* Sources */,
				242F77601C730DCF005EFFA4 /* Resources */,
				242F77611C730DCF005EFFA4 /* Frameworks */,
			);
			buildRules = (
			);
			dependencies = (
			);
			name = AMAppExportToIPA;
			productName = AMAppExportToIPA;
			productReference = 242F77631C730DCF005EFFA4 /* AMAppExportToIPA.xcplugin */;
			productType = "com.apple.product-type.bundle";
		};
/* End PBXNativeTarget section */

/* Begin PBXProject section */
		242F775B1C730DCF005EFFA4 /* Project object */ = {
			isa = PBXProject;
			attributes = {
				LastUpgradeCheck = 0720;
				ORGANIZATIONNAME = Tendencystudio;
				TargetAttributes = {
					242F77621C730DCF005EFFA4 = {
						CreatedOnToolsVersion = 7.2.1;
					};
				};
			};
			buildConfigurationList = 242F775E1C730DCF005EFFA4 /* Build configuration list for PBXProject "AMAppExportToIPA" */;
			compatibilityVersion = "Xcode 3.2";
			developmentRegion = English;
			hasScannedForEncodings = 0;
			knownRegions = (
				en,
			);
			mainGroup = 242F775A1C730DCF005EFFA4;
			productRefGroup = 242F77641C730DCF005EFFA4 /* Products */;
			projectDirPath = "";
			projectRoot = "";
			targets = (
				242F77621C730DCF005EFFA4 /* AMAppExportToIPA */,
			);
		};
/* End PBXProject section */

/* Begin PBXResourcesBuildPhase section */
		242F77601C730DCF005EFFA4 /* Resources */ = {
			isa = PBXResourcesBuildPhase;
			buildActionMask = 2147483647;
			files = (
				24C4F2811CD88DF1000EEA5A /* template.plist in Resources */,
				24C4F27D1CD881E1000EEA5A /* Script.sh in Resources */,
				244D1FC31C731BDA00AE7959 /* LICENSE in Resources */,
				242F776D1C730DCF005EFFA4 /* AMAppExportToIPA.xcscheme in Resources */,
			);
			runOnlyForDeploymentPostprocessing = 0;
		};
/* End PBXResourcesBuildPhase section */

/* Begin PBXSourcesBuildPhase section */
		242F775F1C730DCF005EFFA4 /* Sources */ = {
			isa = PBXSourcesBuildPhase;
			buildActionMask = 2147483647;
			files = (
				242F77701C730DCF005EFFA4 /* AMAppExportToIPAXcodePlugin.m in Sources */,
				242F777C1C730E90005EFFA4 /* NSObject+MethodSwizzler.m in Sources */,
				244D1FC41C731BDA00AE7959 /* README.md in Sources */,
				242F77731C730DCF005EFFA4 /* NSObject_Extension.m in Sources */,
				242F77801C730F37005EFFA4 /* NSObject+PopupMenu.m in Sources */,
			);
			runOnlyForDeploymentPostprocessing = 0;
		};
/* End PBXSourcesBuildPhase section */

/* Begin XCBuildConfiguration section */
		242F77751C730DCF005EFFA4 /* Debug */ = {
			isa = XCBuildConfiguration;
			buildSettings = {
				ALWAYS_SEARCH_USER_PATHS = NO;
				CLANG_CXX_LANGUAGE_STANDARD = "gnu++0x";
				CLANG_CXX_LIBRARY = "libc++";
				CLANG_ENABLE_MODULES = YES;
				CLANG_ENABLE_OBJC_ARC = YES;
				CLANG_WARN_BOOL_CONVERSION = YES;
				CLANG_WARN_CONSTANT_CONVERSION = YES;
				CLANG_WARN_DIRECT_OBJC_ISA_USAGE = YES_ERROR;
				CLANG_WARN_EMPTY_BODY = YES;
				CLANG_WARN_ENUM_CONVERSION = YES;
				CLANG_WARN_INT_CONVERSION = YES;
				CLANG_WARN_OBJC_ROOT_CLASS = YES_ERROR;
				CLANG_WARN_UNREACHABLE_CODE = YES;
				CLANG_WARN__DUPLICATE_METHOD_MATCH = YES;
				COPY_PHASE_STRIP = NO;
				DEBUG_INFORMATION_FORMAT = dwarf;
				ENABLE_STRICT_OBJC_MSGSEND = YES;
				ENABLE_TESTABILITY = YES;
				GCC_C_LANGUAGE_STANDARD = gnu99;
				GCC_DYNAMIC_NO_PIC = NO;
				GCC_NO_COMMON_BLOCKS = YES;
				GCC_OPTIMIZATION_LEVEL = 0;
				GCC_PREPROCESSOR_DEFINITIONS = (
					"DEBUG=1",
					"$(inherited)",
				);
				GCC_WARN_64_TO_32_BIT_CONVERSION = YES;
				GCC_WARN_ABOUT_RETURN_TYPE = YES_ERROR;
				GCC_WARN_UNDECLARED_SELECTOR = YES;
				GCC_WARN_UNINITIALIZED_AUTOS = YES_AGGRESSIVE;
				GCC_WARN_UNUSED_FUNCTION = YES;
				GCC_WARN_UNUSED_VARIABLE = YES;
				MTL_ENABLE_DEBUG_INFO = YES;
				ONLY_ACTIVE_ARCH = YES;
			};
			name = Debug;
		};
		242F77761C730DCF005EFFA4 /* Release */ = {
			isa = XCBuildConfiguration;
			buildSettings = {
				ALWAYS_SEARCH_USER_PATHS = NO;
				CLANG_CXX_LANGUAGE_STANDARD = "gnu++0x";
				CLANG_CXX_LIBRARY = "libc++";
				CLANG_ENABLE_MODULES = YES;
				CLANG_ENABLE_OBJC_ARC = YES;
				CLANG_WARN_BOOL_CONVERSION = YES;
				CLANG_WARN_CONSTANT_CONVERSION = YES;
				CLANG_WARN_DIRECT_OBJC_ISA_USAGE = YES_ERROR;
				CLANG_WARN_EMPTY_BODY = YES;
				CLANG_WARN_ENUM_CONVERSION = YES;
				CLANG_WARN_INT_CONVERSION = YES;
				CLANG_WARN_OBJC_ROOT_CLASS = YES_ERROR;
				CLANG_WARN_UNREACHABLE_CODE = YES;
				CLANG_WARN__DUPLICATE_METHOD_MATCH = YES;
				COPY_PHASE_STRIP = NO;
				DEBUG_INFORMATION_FORMAT = "dwarf-with-dsym";
				ENABLE_NS_ASSERTIONS = NO;
				ENABLE_STRICT_OBJC_MSGSEND = YES;
				GCC_C_LANGUAGE_STANDARD = gnu99;
				GCC_NO_COMMON_BLOCKS = YES;
				GCC_WARN_64_TO_32_BIT_CONVERSION = YES;
				GCC_WARN_ABOUT_RETURN_TYPE = YES_ERROR;
				GCC_WARN_UNDECLARED_SELECTOR = YES;
				GCC_WARN_UNINITIALIZED_AUTOS = YES_AGGRESSIVE;
				GCC_WARN_UNUSED_FUNCTION = YES;
				GCC_WARN_UNUSED_VARIABLE = YES;
				MTL_ENABLE_DEBUG_INFO = NO;
			};
			name = Release;
		};
		242F77781C730DCF005EFFA4 /* Debug */ = {
			isa = XCBuildConfiguration;
			buildSettings = {
				COMBINE_HIDPI_IMAGES = YES;
				DEPLOYMENT_LOCATION = YES;
				DSTROOT = "$(HOME)";
				INFOPLIST_FILE = AMAppExportToIPA/Info.plist;
				INSTALL_PATH = "/Library/Application Support/Developer/Shared/Xcode/Plug-ins";
				MACOSX_DEPLOYMENT_TARGET = 10.10;
				PRODUCT_BUNDLE_IDENTIFIER = com.tendencystudio.AMAppExportToIPA;
				PRODUCT_NAME = "$(TARGET_NAME)";
				WRAPPER_EXTENSION = xcplugin;
			};
			name = Debug;
		};
		242F77791C730DCF005EFFA4 /* Release */ = {
			isa = XCBuildConfiguration;
			buildSettings = {
				COMBINE_HIDPI_IMAGES = YES;
				DEPLOYMENT_LOCATION = YES;
				DSTROOT = "$(HOME)";
				INFOPLIST_FILE = AMAppExportToIPA/Info.plist;
				INSTALL_PATH = "/Library/Application Support/Developer/Shared/Xcode/Plug-ins";
				MACOSX_DEPLOYMENT_TARGET = 10.10;
				PRODUCT_BUNDLE_IDENTIFIER = com.tendencystudio.AMAppExportToIPA;
				PRODUCT_NAME = "$(TARGET_NAME)";
				WRAPPER_EXTENSION = xcplugin;
			};
			name = Release;
		};
/* End XCBuildConfiguration section */

/* Begin XCConfigurationList section */
		242F775E1C730DCF005EFFA4 /* Build configuration list for PBXProject "AMAppExportToIPA" */ = {
			isa = XCConfigurationList;
			buildConfigurations = (
				242F77751C730DCF005EFFA4 /* Debug */,
				242F77761C730DCF005EFFA4 /* Release */,
			);
			defaultConfigurationIsVisible = 0;
			defaultConfigurationName = Release;
		};
		242F77771C730DCF005EFFA4 /* Build configuration list for PBXNativeTarget "AMAppExportToIPA" */ = {
			isa = XCConfigurationList;
			buildConfigurations = (
				242F77781C730DCF005EFFA4 /* Debug */,
				242F77791C730DCF005EFFA4 /* Release */,
			);
			defaultConfigurationIsVisible = 0;
			defaultConfigurationName = Release;
		};
/* End XCConfigurationList section */
	};
	rootObject = 242F775B1C730DCF005EFFA4 /* Project object */;
}
